{
  "name": "i-home",
  "version": "1.0.0",
  "lockfileVersion": 3,
  "requires": true,
  "packages": {
    "": {
      "name": "i-home",
      "version": "1.0.0",
      "devDependencies": {
        "@types/node": "^22.15.17",
        "esbuild": "^0.25.5",
        "obsidian": "^1.8.7",
        "typescript": "^5.8.3"
      }
    },
    "../obsidian-better-export/node_modules/@codemirror/state": {
      "version": "6.5.0",
      "extraneous": true,
      "license": "MIT",
      "dependencies": {
        "@marijn/find-cluster-break": "^1.0.0"
      },
      "devDependencies": {
        "@codemirror/buildhelper": "^1.0.0"
      }
    },
    "../obsidian-better-export/node_modules/@codemirror/view": {
      "version": "6.38.6",
      "extraneous": true,
      "license": "MIT",
      "dependencies": {
        "@codemirror/state": "^6.5.0",
        "crelt": "^1.0.6",
        "style-mod": "^4.1.0",
        "w3c-keyname": "^2.2.4"
      },
      "devDependencies": {
        "@codemirror/buildhelper": "^1.0.0"
      }
    },
    "../obsidian-better-export/node_modules/@esbuild/win32-x64": {
      "version": "0.25.12",
      "cpu": [
        "x64"
      ],
      "extraneous": true,
      "license": "MIT",
      "os": [
        "win32"
      ],
      "engines": {
        "node": ">=18"
      }
    },
    "../obsidian-better-export/node_modules/@marijn/find-cluster-break": {
      "version": "1.0.4",
      "extraneous": true,
      "license": "MIT",
      "devDependencies": {
        "mocha": "^10.7.3",
        "rollup": "^4.28.1"
      }
    },
    "../obsidian-better-export/node_modules/@playwright/test": {
      "version": "1.63.0",
      "extraneous": true,
      "license": "Apache-2.0",
      "dependencies": {
        "playwright": "1.63.0"
      },
      "bin": {
        "playwright": "cli.js"
      },
      "engines": {
        "node": ">=20"
      }
    },
    "../obsidian-better-export/node_modules/@types/codemirror": {
      "version": "5.60.8",
      "extraneous": true,
      "license": "MIT",
      "dependencies": {
        "@types/tern": "*"
      }
    },
    "../obsidian-better-export/node_modules/@types/estree": {
      "version": "1.0.9",
      "extraneous": true,
      "license": "MIT"
    },
    "../obsidian-better-export/node_modules/@types/node": {
      "version": "22.20.1",
      "dev": true,
      "license": "MIT",
      "dependencies": {
        "undici-types": "~6.21.0"
      }
    },
    "../obsidian-better-export/node_modules/@types/tern": {
      "version": "0.23.9",
      "extraneous": true,
      "license": "MIT",
      "dependencies": {
        "@types/estree": "*"
      }
    },
    "../obsidian-better-export/node_modules/citeproc": {
      "version": "2.4.63",
      "extraneous": true,
      "license": "CPAL-1.0 OR AGPL-1.0"
    },
    "../obsidian-better-export/node_modules/crelt": {
      "version": "1.0.7",
      "extraneous": true,
      "license": "MIT",
      "devDependencies": {
        "rollup": "^2.0.5",
        "rollup-plugin-copy": "^3.4.0"
      }
    },
    "../obsidian-better-export/node_modules/esbuild": {
      "version": "0.25.12",
      "dev": true,
      "hasInstallScript": true,
      "license": "MIT",
      "bin": {
        "esbuild": "bin/esbuild"
      },
      "engines": {
        "node": ">=18"
      },
      "optionalDependencies": {
        "@esbuild/aix-ppc64": "0.25.12",
        "@esbuild/android-arm": "0.25.12",
        "@esbuild/android-arm64": "0.25.12",
        "@esbuild/android-x64": "0.25.12",
        "@esbuild/darwin-arm64": "0.25.12",
        "@esbuild/darwin-x64": "0.25.12",
        "@esbuild/freebsd-arm64": "0.25.12",
        "@esbuild/freebsd-x64": "0.25.12",
        "@esbuild/linux-arm": "0.25.12",
        "@esbuild/linux-arm64": "0.25.12",
        "@esbuild/linux-ia32": "0.25.12",
        "@esbuild/linux-loong64": "0.25.12",
        "@esbuild/linux-mips64el": "0.25.12",
        "@esbuild/linux-ppc64": "0.25.12",
        "@esbuild/linux-riscv64": "0.25.12",
        "@esbuild/linux-s390x": "0.25.12",
        "@esbuild/linux-x64": "0.25.12",
        "@esbuild/netbsd-arm64": "0.25.12",
        "@esbuild/netbsd-x64": "0.25.12",
        "@esbuild/openbsd-arm64": "0.25.12",
        "@esbuild/openbsd-x64": "0.25.12",
        "@esbuild/openharmony-arm64": "0.25.12",
        "@esbuild/sunos-x64": "0.25.12",
        "@esbuild/win32-arm64": "0.25.12",
        "@esbuild/win32-ia32": "0.25.12",
        "@esbuild/win32-x64": "0.25.12"
      }
    },
    "../obsidian-better-export/node_modules/moment": {
      "version": "2.29.4",
      "extraneous": true,
      "license": "MIT",
      "devDependencies": {
        "benchmark": "latest",
        "coveralls": "latest",
        "cross-env": "^6.0.3",
        "es6-promise": "latest",
        "eslint": "~6",
        "grunt": "latest",
        "grunt-benchmark": "latest",
        "grunt-cli": "latest",
        "grunt-contrib-clean": "latest",
        "grunt-contrib-concat": "latest",
        "grunt-contrib-copy": "latest",
        "grunt-contrib-uglify": "latest",
        "grunt-contrib-watch": "latest",
        "grunt-env": "latest",
        "grunt-exec": "latest",
        "grunt-karma": "latest",
        "grunt-nuget": "latest",
        "grunt-string-replace": "latest",
        "karma": "latest",
        "karma-chrome-launcher": "latest",
        "karma-firefox-launcher": "latest",
        "karma-qunit": "latest",
        "karma-sauce-launcher": "4.1.4",
        "load-grunt-tasks": "latest",
        "lodash": ">=4.17.19",
        "node-qunit": "latest",
        "nyc": "latest",
        "prettier": "latest",
        "qunit": "^2.10.0",
        "rollup": "2.17.1",
        "typescript": "^1.8.10",
        "typescript3": "npm:typescript@^3.1.6",
        "uglify-js": "latest"
      },
      "engines": {
        "node": "*"
      }
    },
    "../obsidian-better-export/node_modules/obsidian": {
      "version": "1.13.1",
      "dev": true,
      "license": "MIT",
      "dependencies": {
        "@types/codemirror": "5.60.8",
        "moment": "2.29.4"
      },
      "peerDependencies": {
        "@codemirror/state": "6.5.0",
        "@codemirror/view": "6.38.6"
      }
    },
    "../obsidian-better-export/node_modules/playwright": {
      "version": "1.63.0",
      "extraneous": true,
      "license": "Apache-2.0",
      "dependencies": {
        "playwright-core": "1.63.0"
      },
      "bin": {
        "playwright": "cli.js"
      },
      "engines": {
        "node": ">=20"
      }
    },
    "../obsidian-better-export/node_modules/playwright-core": {
      "version": "1.63.0",
      "extraneous": true,
      "license": "Apache-2.0",
      "bin": {
        "playwright-core": "cli.js"
      },
      "engines": {
        "node": ">=20"
      }
    },
    "../obsidian-better-export/node_modules/prettier": {
      "version": "3.9.6",
      "extraneous": true,
      "license": "MIT",
      "bin": {
        "prettier": "bin/prettier.cjs"
      },
      "engines": {
        "node": ">=14"
      },
      "funding": {
        "url": "https://github.com/prettier/prettier?sponsor=1"
      }
    },
    "../obsidian-better-export/node_modules/style-mod": {
      "version": "4.1.3",
      "extraneous": true,
      "license": "MIT",
      "devDependencies": {
        "buble": "^0.20.0",
        "builddocs": "^0.3.2",
        "ist": "^1.1.1",
        "mocha": "^7.2.0"
      }
    },
    "../obsidian-better-export/node_modules/typescript": {
      "version": "5.9.3",
      "dev": true,
      "license": "Apache-2.0",
      "bin": {
        "tsc": "bin/tsc",
        "tsserver": "bin/tsserver"
      },
      "devDependencies": {
        "@dprint/formatter": "^0.4.1",
        "@dprint/typescript": "0.93.4",
        "@esfx/canceltoken": "^1.0.0",
        "@eslint/js": "^9.20.0",
        "@octokit/rest": "^21.1.1",
        "@types/chai": "^4.3.20",
        "@types/diff": "^7.0.1",
        "@types/minimist": "^1.2.5",
        "@types/mocha": "^10.0.10",
        "@types/ms": "^0.7.34",
        "@types/node": "latest",
        "@types/source-map-support": "^0.5.10",
        "@types/which": "^3.0.4",
        "@typescript-eslint/rule-tester": "^8.24.1",
        "@typescript-eslint/type-utils": "^8.24.1",
        "@typescript-eslint/utils": "^8.24.1",
        "azure-devops-node-api": "^14.1.0",
        "c8": "^10.1.3",
        "chai": "^4.5.0",
        "chokidar": "^4.0.3",
        "diff": "^7.0.0",
        "dprint": "^0.49.0",
        "esbuild": "^0.25.0",
        "eslint": "^9.20.1",
        "eslint-formatter-autolinkable-stylish": "^1.4.0",
        "eslint-plugin-regexp": "^2.7.0",
        "fast-xml-parser": "^4.5.2",
        "glob": "^10.4.5",
        "globals": "^15.15.0",
        "hereby": "^1.10.0",
        "jsonc-parser": "^3.3.1",
        "knip": "^5.44.4",
        "minimist": "^1.2.8",
        "mocha": "^10.8.2",
        "mocha-fivemat-progress-reporter": "^0.1.0",
        "monocart-coverage-reports": "^2.12.1",
        "ms": "^2.1.3",
        "picocolors": "^1.1.1",
        "playwright": "^1.50.1",
        "source-map-support": "^0.5.21",
        "tslib": "^2.8.1",
        "typescript": "^5.7.3",
        "typescript-eslint": "^8.24.1",
        "which": "^3.0.1"
      },
      "engines": {
        "node": ">=14.17"
      }
    },
    "../obsidian-better-export/node_modules/undici-types": {
      "version": "6.21.0",
      "extraneous": true,
      "license": "MIT"
    },
    "../obsidian-better-export/node_modules/w3c-keyname": {
      "version": "2.2.8",
      "extraneous": true,
      "license": "MIT",
      "devDependencies": {
        "rollup": "^1.26.3"
      }
    },
    "node_modules/@types/node": {
      "resolved": "../obsidian-better-export/node_modules/@types/node",
      "link": true
    },
    "node_modules/esbuild": {
      "resolved": "../obsidian-better-export/node_modules/esbuild",
      "link": true
    },
    "node_modules/obsidian": {
      "resolved": "../obsidian-better-export/node_modules/obsidian",
      "link": true
    },
    "node_modules/typescript": {
      "resolved": "../obsidian-better-export/node_modules/typescript",
      "link": true
    }
  }
}
